
Microsoft Visual Studio Solution File, Format Version 12.00
# Visual Studio Version 17
VisualStudioVersion = 17.9.34622.214
MinimumVisualStudioVersion = 10.0.40219.1
Project("{FAE04EC0-301F-11D3-BF4B-00C04F79EFBC}") = "Swapie-exos", "Swapie-exos\Swapie-exos.csproj", "{65E1A216-89BE-443D-90E2-03AAB7C1A244}"
EndProject
Global
	GlobalSection(SolutionConfigurationPlatforms) = preSolution
		Debug|Any CPU = Debug|Any CPU
		Release|Any CPU = Release|Any CPU
	EndGlobalSection
	GlobalSection(ProjectConfigurationPlatforms) = postSolution
		{65E1A216-89BE-443D-90E2-03AAB7C1A244}.Debug|Any CPU.ActiveCfg = Debug|Any CPU
		{65E1A216-89BE-443D-90E2-03AAB7C1A244}.Debug|Any CPU.Build.0 = Debug|Any CPU
		{65E1A216-89BE-443D-90E2-03AAB7C1A244}.Release|Any CPU.ActiveCfg = Release|Any CPU
		{65E1A216-89BE-443D-90E2-03AAB7C1A244}.Release|Any CPU.Build.0 = Release|Any CPU
	EndGlobalSection
	GlobalSection(SolutionProperties) = preSolution
		HideSolutionNode = FALSE
	EndGlobalSection
	GlobalSection(ExtensibilityGlobals) = postSolution
		SolutionGuid = {83BBBEE7-659E-4412-A440-9336F231ED33}
	EndGlobalSection
EndGlobal
